github.com/btnguyen2k/consu/gjrc v0.2.2 h1:CAY8xPgvtWc7EMTE9gxam/BxMgTRRpc4Hs9QEyYxRUc=
github.com/btnguyen2k/consu/gjrc v0.2.2/go.mod h1:Sc0NehbI0i8V6FAY9qX1we9XXbWNnrMOb9jNpYqGBWk=
github.com/btnguyen2k/consu/reddo v0.1.7/go.mod h1:pdY5oIVX3noZIaZu3nvoKZ59+seXL/taXNGWh9xJDbg=
github.com/btnguyen2k/consu/reddo v0.1.8/go.mod h1:pdY5oIVX3noZIaZu3nvoKZ59+seXL/taXNGWh9xJDbg=
github.com/btnguyen2k/consu/reddo v0.1.9 h1:NZyEzRcDXzksNMnvZVZyJmGN6ZQQmHg4hIPCPbfsCBE=
github.com/btnguyen2k/consu/reddo v0.1.9/go.mod h1:pdY5oIVX3noZIaZu3nvoKZ59+seXL/taXNGWh9xJDbg=
github.com/btnguyen2k/consu/semita v0.1.5 h1:fu71xNJTbCV8T+6QPJdJu3bxtmLWvTjCepkvujF74+I=
github.com/btnguyen2k/consu/semita v0.1.5/go.mod h1:fksCe3L4kxiJVnKKhUXKI8mcFdB9974mtedwUVVFu1M=
github.com/dlclark/regexp2/v2 v2.1.0 h1:jHXRmHRZGbuQzDZjMlCAXOvQb75iv3HyLDzXGj5H1AY=
github.com/dlclark/regexp2/v2 v2.1.0/go.mod h1:Bz5TMy5d8fPK0ximH0Yi9KvsRHNnvXqUx9XG6a4wB+I=
github.com/tiktoken-go/tokenizer v0.8.0 h1:drHWno2Zx3eAm/hk/LmvBKXPpSImB7BRyh/ru4+3Q7Y=
github.com/tiktoken-go/tokenizer v0.8.0/go.mod h1:pTmPz4r14MV3JkUGAmAcdLdYhSxN68MCjrP+EoxBdx0=
