github.com/btnguyen2k/consu/gjrc v0.2.2 h1:CAY8xPgvtWc7EMTE9gxam/BxMgTRRpc4Hs9QEyYxRUc=
github.com/btnguyen2k/consu/gjrc v0.2.2/go.mod h1:Sc0NehbI0i8V6FAY9qX1we9XXbWNnrMOb9jNpYqGBWk=
github.com/btnguyen2k/consu/reddo v0.1.7/go.mod h1:pdY5oIVX3noZIaZu3nvoKZ59+seXL/taXNGWh9xJDbg=
github.com/btnguyen2k/consu/reddo v0.1.8/go.mod h1:pdY5oIVX3noZIaZu3nvoKZ59+seXL/taXNGWh9xJDbg=
github.com/btnguyen2k/consu/reddo v0.1.9 h1:NZyEzRcDXzksNMnvZVZyJmGN6ZQQmHg4hIPCPbfsCBE=
github.com/btnguyen2k/consu/reddo v0.1.9/go.mod h1:pdY5oIVX3noZIaZu3nvoKZ59+seXL/taXNGWh9xJDbg=
github.com/btnguyen2k/consu/semita v0.1.5 h1:fu71xNJTbCV8T+6QPJdJu3bxtmLWvTjCepkvujF74+I=
github.com/btnguyen2k/consu/semita v0.1.5/go.mod h1:fksCe3L4kxiJVnKKhUXKI8mcFdB9974mtedwUVVFu1M=
github.com/dlclark/regexp2 v1.9.0 h1:pTK/l/3qYIKaRXuHnEnIf7Y5NxfRPfpb7dis6/gdlVI=
github.com/dlclark/regexp2 v1.9.0/go.mod h1:DHkYz0B9wPfa6wondMfaivmHpzrQ3v9q8cnmRbL6yW8=
github.com/tiktoken-go/tokenizer v0.2.0 h1:MqBlDeE5LRIEpapZk5s7COS9taGtRRIwM8bPxq13rI8=
github.com/tiktoken-go/tokenizer v0.2.0/go.mod h1:7SZW3pZUKWLJRilTvWCa86TOVIiiJhYj3FQ5V3alWcg=
